
Microsoft Visual Studio Solution File, Format Version 12.00
# Visual Studio Version 16
VisualStudioVersion = 25.0.1706.5
MinimumVisualStudioVersion = 10.0.40219.1
Project("{2150E333-8FDC-42A3-9474-1A3956D46DE8}") = "Infrastructure", "Infrastructure", "{D6BF292A-64C3-4F42-9EEC-ED7961F1D5D6}"
EndProject
Project("{2150E333-8FDC-42A3-9474-1A3956D46DE8}") = "Presentation", "Presentation", "{6353B549-13F4-4003-B975-547F7E6770FE}"
EndProject
Project("{FAE04EC0-301F-11D3-BF4B-00C04F79EFBC}") = "ReDoMusic.Domain", "Core\ReDoMusic.Domain\ReDoMusic.Domain.csproj", "{0DAAFB1C-B656-40F0-87DC-F2CEA8DC9317}"
EndProject
Project("{FAE04EC0-301F-11D3-BF4B-00C04F79EFBC}") = "ReDoMusic.Persistence", "Infrastructure\ReDoMusic.Persistence\ReDoMusic.Persistence.csproj", "{D4E4A6EE-31A9-44C1-A08E-20C77A515E2A}"
EndProject
Project("{FAE04EC0-301F-11D3-BF4B-00C04F79EFBC}") = "ReDoMusic.MVC", "Presentation\ReDoMusic.MVC\ReDoMusic.MVC.csproj", "{C33DDEF3-3E6F-4EF5-945B-FC2E190860D7}"
EndProject
Project("{2150E333-8FDC-42A3-9474-1A3956D46DE8}") = "Core", "Core", "{A8965962-7EA7-4CBB-A1BB-27835A1A4FAF}"
EndProject
Global
	GlobalSection(SolutionConfigurationPlatforms) = preSolution
		Debug|Any CPU = Debug|Any CPU
		Release|Any CPU = Release|Any CPU
	EndGlobalSection
	GlobalSection(ProjectConfigurationPlatforms) = postSolution
		{0DAAFB1C-B656-40F0-87DC-F2CEA8DC9317}.Debug|Any CPU.ActiveCfg = Debug|Any CPU
		{0DAAFB1C-B656-40F0-87DC-F2CEA8DC9317}.Debug|Any CPU.Build.0 = Debug|Any CPU
		{0DAAFB1C-B656-40F0-87DC-F2CEA8DC9317}.Release|Any CPU.ActiveCfg = Release|Any CPU
		{0DAAFB1C-B656-40F0-87DC-F2CEA8DC9317}.Release|Any CPU.Build.0 = Release|Any CPU
		{D4E4A6EE-31A9-44C1-A08E-20C77A515E2A}.Debug|Any CPU.ActiveCfg = Debug|Any CPU
		{D4E4A6EE-31A9-44C1-A08E-20C77A515E2A}.Debug|Any CPU.Build.0 = Debug|Any CPU
		{D4E4A6EE-31A9-44C1-A08E-20C77A515E2A}.Release|Any CPU.ActiveCfg = Release|Any CPU
		{D4E4A6EE-31A9-44C1-A08E-20C77A515E2A}.Release|Any CPU.Build.0 = Release|Any CPU
		{C33DDEF3-3E6F-4EF5-945B-FC2E190860D7}.Debug|Any CPU.ActiveCfg = Debug|Any CPU
		{C33DDEF3-3E6F-4EF5-945B-FC2E190860D7}.Debug|Any CPU.Build.0 = Debug|Any CPU
		{C33DDEF3-3E6F-4EF5-945B-FC2E190860D7}.Release|Any CPU.ActiveCfg = Release|Any CPU
		{C33DDEF3-3E6F-4EF5-945B-FC2E190860D7}.Release|Any CPU.Build.0 = Release|Any CPU
	EndGlobalSection
	GlobalSection(SolutionProperties) = preSolution
		HideSolutionNode = FALSE
	EndGlobalSection
	GlobalSection(ExtensibilityGlobals) = postSolution
		SolutionGuid = {926C2163-B152-4109-8CFD-6DEBEF05E0AF}
	EndGlobalSection
	GlobalSection(NestedProjects) = preSolution
		{0DAAFB1C-B656-40F0-87DC-F2CEA8DC9317} = {A8965962-7EA7-4CBB-A1BB-27835A1A4FAF}
		{D4E4A6EE-31A9-44C1-A08E-20C77A515E2A} = {D6BF292A-64C3-4F42-9EEC-ED7961F1D5D6}
		{C33DDEF3-3E6F-4EF5-945B-FC2E190860D7} = {6353B549-13F4-4003-B975-547F7E6770FE}
	EndGlobalSection
EndGlobal
